
Microsoft Visual Studio Solution File, Format Version 12.00
# Visual Studio 14
VisualStudioVersion = 14.0.24720.0
MinimumVisualStudioVersion = 10.0.40219.1
Project("{FAE04EC0-301F-11D3-BF4B-00C04F79EFBC}") = "EVTracker", "EVTracker\EVTracker.csproj", "{931B6707-9099-4938-BC85-8FD31F6B11FD}"
EndProject
Project("{FAE04EC0-301F-11D3-BF4B-00C04F79EFBC}") = "EVTracker.Wpf", "EVTracker.Wpf\EVTracker.Wpf.csproj", "{0D59DB6D-A5C2-4857-98CF-DC28D7F10F27}"
EndProject
Project("{8BB2217D-0F2D-49D1-97BC-3654ED321F3B}") = "Pokemon.EVTracker.SpeciesService", "Pokemon.EVTracker.SpeciesService\Pokemon.EVTracker.SpeciesService.xproj", "{BB8CDFB2-EEFD-4115-ABFF-9F9BDCA32B2E}"
EndProject
Project("{8BB2217D-0F2D-49D1-97BC-3654ED321F3B}") = "Pokemon.EVTracker.Models", "Pokemon.EVTracker.Models\Pokemon.EVTracker.Models.xproj", "{2A919C29-BF9B-4D3F-889D-EE968EC1C55C}"
EndProject
Project("{8BB2217D-0F2D-49D1-97BC-3654ED321F3B}") = "Pokemon.EVTracker.GamesService", "Pokemon.EVTracker.GamesService\Pokemon.EVTracker.GamesService.xproj", "{381DADC4-6841-4E89-832A-EDA1924B144F}"
EndProject
Project("{8BB2217D-0F2D-49D1-97BC-3654ED321F3B}") = "Pokemon.EVTracker.NaturesService", "Pokemon.EVTracker.NaturesService\Pokemon.EVTracker.NaturesService.xproj", "{4534F910-6755-48B1-87FD-72EF4881FBB6}"
EndProject
Project("{8BB2217D-0F2D-49D1-97BC-3654ED321F3B}") = "Pokemon.EVTracker.Html", "Pokemon.EVTracker.Html\Pokemon.EVTracker.Html.xproj", "{B57BEEA2-EEB3-4BBD-B091-E94CD5060C6A}"
EndProject
Project("{8BB2217D-0F2D-49D1-97BC-3654ED321F3B}") = "Pokemon.EVTracker.PokemonService", "Pokemon.EVTracker.PokemonService\Pokemon.EVTracker.PokemonService.xproj", "{9641CBF7-BFD1-49C6-B411-2BD745A5BE4D}"
EndProject
Global
	GlobalSection(SolutionConfigurationPlatforms) = preSolution
		Debug|Any CPU = Debug|Any CPU
		Debug|x86 = Debug|x86
		Release|Any CPU = Release|Any CPU
		Release|x86 = Release|x86
	EndGlobalSection
	GlobalSection(ProjectConfigurationPlatforms) = postSolution
		{931B6707-9099-4938-BC85-8FD31F6B11FD}.Debug|Any CPU.ActiveCfg = Debug|x86
		{931B6707-9099-4938-BC85-8FD31F6B11FD}.Debug|x86.ActiveCfg = Debug|x86
		{931B6707-9099-4938-BC85-8FD31F6B11FD}.Debug|x86.Build.0 = Debug|x86
		{931B6707-9099-4938-BC85-8FD31F6B11FD}.Release|Any CPU.ActiveCfg = Release|x86
		{931B6707-9099-4938-BC85-8FD31F6B11FD}.Release|x86.ActiveCfg = Release|x86
		{931B6707-9099-4938-BC85-8FD31F6B11FD}.Release|x86.Build.0 = Release|x86
		{0D59DB6D-A5C2-4857-98CF-DC28D7F10F27}.Debug|Any CPU.ActiveCfg = Debug|Any CPU
		{0D59DB6D-A5C2-4857-98CF-DC28D7F10F27}.Debug|Any CPU.Build.0 = Debug|Any CPU
		{0D59DB6D-A5C2-4857-98CF-DC28D7F10F27}.Debug|x86.ActiveCfg = Debug|Any CPU
		{0D59DB6D-A5C2-4857-98CF-DC28D7F10F27}.Debug|x86.Build.0 = Debug|Any CPU
		{0D59DB6D-A5C2-4857-98CF-DC28D7F10F27}.Release|Any CPU.ActiveCfg = Release|Any CPU
		{0D59DB6D-A5C2-4857-98CF-DC28D7F10F27}.Release|Any CPU.Build.0 = Release|Any CPU
		{0D59DB6D-A5C2-4857-98CF-DC28D7F10F27}.Release|x86.ActiveCfg = Release|Any CPU
		{0D59DB6D-A5C2-4857-98CF-DC28D7F10F27}.Release|x86.Build.0 = Release|Any CPU
		{BB8CDFB2-EEFD-4115-ABFF-9F9BDCA32B2E}.Debug|Any CPU.ActiveCfg = Debug|Any CPU
		{BB8CDFB2-EEFD-4115-ABFF-9F9BDCA32B2E}.Debug|Any CPU.Build.0 = Debug|Any CPU
		{BB8CDFB2-EEFD-4115-ABFF-9F9BDCA32B2E}.Debug|x86.ActiveCfg = Debug|Any CPU
		{BB8CDFB2-EEFD-4115-ABFF-9F9BDCA32B2E}.Debug|x86.Build.0 = Debug|Any CPU
		{BB8CDFB2-EEFD-4115-ABFF-9F9BDCA32B2E}.Release|Any CPU.ActiveCfg = Release|Any CPU
		{BB8CDFB2-EEFD-4115-ABFF-9F9BDCA32B2E}.Release|Any CPU.Build.0 = Release|Any CPU
		{BB8CDFB2-EEFD-4115-ABFF-9F9BDCA32B2E}.Release|x86.ActiveCfg = Release|Any CPU
		{BB8CDFB2-EEFD-4115-ABFF-9F9BDCA32B2E}.Release|x86.Build.0 = Release|Any CPU
		{2A919C29-BF9B-4D3F-889D-EE968EC1C55C}.Debug|Any CPU.ActiveCfg = Debug|Any CPU
		{2A919C29-BF9B-4D3F-889D-EE968EC1C55C}.Debug|Any CPU.Build.0 = Debug|Any CPU
		{2A919C29-BF9B-4D3F-889D-EE968EC1C55C}.Debug|x86.ActiveCfg = Debug|Any CPU
		{2A919C29-BF9B-4D3F-889D-EE968EC1C55C}.Debug|x86.Build.0 = Debug|Any CPU
		{2A919C29-BF9B-4D3F-889D-EE968EC1C55C}.Release|Any CPU.ActiveCfg = Release|Any CPU
		{2A919C29-BF9B-4D3F-889D-EE968EC1C55C}.Release|Any CPU.Build.0 = Release|Any CPU
		{2A919C29-BF9B-4D3F-889D-EE968EC1C55C}.Release|x86.ActiveCfg = Release|Any CPU
		{2A919C29-BF9B-4D3F-889D-EE968EC1C55C}.Release|x86.Build.0 = Release|Any CPU
		{381DADC4-6841-4E89-832A-EDA1924B144F}.Debug|Any CPU.ActiveCfg = Debug|Any CPU
		{381DADC4-6841-4E89-832A-EDA1924B144F}.Debug|Any CPU.Build.0 = Debug|Any CPU
		{381DADC4-6841-4E89-832A-EDA1924B144F}.Debug|x86.ActiveCfg = Debug|Any CPU
		{381DADC4-6841-4E89-832A-EDA1924B144F}.Debug|x86.Build.0 = Debug|Any CPU
		{381DADC4-6841-4E89-832A-EDA1924B144F}.Release|Any CPU.ActiveCfg = Release|Any CPU
		{381DADC4-6841-4E89-832A-EDA1924B144F}.Release|Any CPU.Build.0 = Release|Any CPU
		{381DADC4-6841-4E89-832A-EDA1924B144F}.Release|x86.ActiveCfg = Release|Any CPU
		{381DADC4-6841-4E89-832A-EDA1924B144F}.Release|x86.Build.0 = Release|Any CPU
		{4534F910-6755-48B1-87FD-72EF4881FBB6}.Debug|Any CPU.ActiveCfg = Debug|Any CPU
		{4534F910-6755-48B1-87FD-72EF4881FBB6}.Debug|Any CPU.Build.0 = Debug|Any CPU
		{4534F910-6755-48B1-87FD-72EF4881FBB6}.Debug|x86.ActiveCfg = Debug|Any CPU
		{4534F910-6755-48B1-87FD-72EF4881FBB6}.Debug|x86.Build.0 = Debug|Any CPU
		{4534F910-6755-48B1-87FD-72EF4881FBB6}.Release|Any CPU.ActiveCfg = Release|Any CPU
		{4534F910-6755-48B1-87FD-72EF4881FBB6}.Release|Any CPU.Build.0 = Release|Any CPU
		{4534F910-6755-48B1-87FD-72EF4881FBB6}.Release|x86.ActiveCfg = Release|Any CPU
		{4534F910-6755-48B1-87FD-72EF4881FBB6}.Release|x86.Build.0 = Release|Any CPU
		{B57BEEA2-EEB3-4BBD-B091-E94CD5060C6A}.Debug|Any CPU.ActiveCfg = Debug|Any CPU
		{B57BEEA2-EEB3-4BBD-B091-E94CD5060C6A}.Debug|Any CPU.Build.0 = Debug|Any CPU
		{B57BEEA2-EEB3-4BBD-B091-E94CD5060C6A}.Debug|x86.ActiveCfg = Debug|Any CPU
		{B57BEEA2-EEB3-4BBD-B091-E94CD5060C6A}.Debug|x86.Build.0 = Debug|Any CPU
		{B57BEEA2-EEB3-4BBD-B091-E94CD5060C6A}.Release|Any CPU.ActiveCfg = Release|Any CPU
		{B57BEEA2-EEB3-4BBD-B091-E94CD5060C6A}.Release|Any CPU.Build.0 = Release|Any CPU
		{B57BEEA2-EEB3-4BBD-B091-E94CD5060C6A}.Release|x86.ActiveCfg = Release|Any CPU
		{B57BEEA2-EEB3-4BBD-B091-E94CD5060C6A}.Release|x86.Build.0 = Release|Any CPU
		{9641CBF7-BFD1-49C6-B411-2BD745A5BE4D}.Debug|Any CPU.ActiveCfg = Debug|Any CPU
		{9641CBF7-BFD1-49C6-B411-2BD745A5BE4D}.Debug|Any CPU.Build.0 = Debug|Any CPU
		{9641CBF7-BFD1-49C6-B411-2BD745A5BE4D}.Debug|x86.ActiveCfg = Debug|Any CPU
		{9641CBF7-BFD1-49C6-B411-2BD745A5BE4D}.Debug|x86.Build.0 = Debug|Any CPU
		{9641CBF7-BFD1-49C6-B411-2BD745A5BE4D}.Release|Any CPU.ActiveCfg = Release|Any CPU
		{9641CBF7-BFD1-49C6-B411-2BD745A5BE4D}.Release|Any CPU.Build.0 = Release|Any CPU
		{9641CBF7-BFD1-49C6-B411-2BD745A5BE4D}.Release|x86.ActiveCfg = Release|Any CPU
		{9641CBF7-BFD1-49C6-B411-2BD745A5BE4D}.Release|x86.Build.0 = Release|Any CPU
	EndGlobalSection
	GlobalSection(SolutionProperties) = preSolution
		HideSolutionNode = FALSE
	EndGlobalSection
EndGlobal
